<?xml version="1.0" encoding="utf-8"?>
<Project xmlns="http://schemas.microsoft.com/developer/msbuild/2003">
  <ItemGroup>
    <Filter Include="Generated Files">
      <UniqueIdentifier>{71ED8ED8-ACB9-4CE9-BBE1-E00B30144E11}</UniqueIdentifier>
      <Extensions>cpp;c;cxx;moc;h;def;odl;idl;res;</Extensions>
    </Filter>
    <Filter Include="Generated Files">
      <UniqueIdentifier>{71ED8ED8-ACB9-4CE9-BBE1-E00B30144E11}</UniqueIdentifier>
      <Extensions>cpp;c;cxx;moc;h;def;odl;idl;res;</Extensions>
    </Filter>
    <Filter Include="Header Files">
      <UniqueIdentifier>{93995380-89BD-4b04-88EB-625FBE52EBFB}</UniqueIdentifier>
      <Extensions>h;hpp;hxx;hm;inl;inc;xsd</Extensions>
    </Filter>
    <Filter Include="Header Files">
      <UniqueIdentifier>{93995380-89BD-4b04-88EB-625FBE52EBFB}</UniqueIdentifier>
      <Extensions>h;hpp;hxx;hm;inl;inc;xsd</Extensions>
    </Filter>
    <Filter Include="Source Files">
      <UniqueIdentifier>{4FC737F1-C7A5-4376-A066-2A32D752A2FF}</UniqueIdentifier>
      <Extensions>cpp;c;cxx;def;odl;idl;hpj;bat;asm;asmx</Extensions>
    </Filter>
    <Filter Include="Source Files">
      <UniqueIdentifier>{4FC737F1-C7A5-4376-A066-2A32D752A2FF}</UniqueIdentifier>
      <Extensions>cpp;c;cxx;def;odl;idl;hpj;bat;asm;asmx</Extensions>
    </Filter>
  </ItemGroup>
  <ItemGroup>
    <ClCompile Include="BRDFAnalytic.cpp">
      <Filter>Source Files</Filter>
    </ClCompile>
    <ClCompile Include="BRDFBase.cpp">
      <Filter>Source Files</Filter>
    </ClCompile>
    <ClCompile Include="BRDFImageSlice.cpp">
      <Filter>Source Files</Filter>
    </ClCompile>
    <ClCompile Include="BRDFMeasuredAniso.cpp">
      <Filter>Source Files</Filter>
    </ClCompile>
    <ClCompile Include="BRDFMeasuredMERL.cpp">
      <Filter>Source Files</Filter>
    </ClCompile>
    <ClCompile Include="ColorVarWidget.cpp">
      <Filter>Source Files</Filter>
    </ClCompile>
    <ClCompile Include="DGLFrameBuffer.cpp">
      <Filter>Source Files</Filter>
    </ClCompile>
    <ClCompile Include="DGLShader.cpp">
      <Filter>Source Files</Filter>
    </ClCompile>
    <ClCompile Include="FloatVarWidget.cpp">
      <Filter>Source Files</Filter>
    </ClCompile>
    <ClCompile Include="IBLWidget.cpp">
      <Filter>Source Files</Filter>
    </ClCompile>
    <ClCompile Include="IBLWindow.cpp">
      <Filter>Source Files</Filter>
    </ClCompile>
    <ClCompile Include="ImageSliceWidget.cpp">
      <Filter>Source Files</Filter>
    </ClCompile>
    <ClCompile Include="ImageSliceWindow.cpp">
      <Filter>Source Files</Filter>
    </ClCompile>
    <ClCompile Include="LitSphereWidget.cpp">
      <Filter>Source Files</Filter>
    </ClCompile>
    <ClCompile Include="LitSphereWindow.cpp">
      <Filter>Source Files</Filter>
    </ClCompile>
    <ClCompile Include="MainWindow.cpp">
      <Filter>Source Files</Filter>
    </ClCompile>
    <ClCompile Include="ParameterGroupWidget.cpp">
      <Filter>Source Files</Filter>
    </ClCompile>
    <ClCompile Include="ParameterWindow.cpp">
      <Filter>Source Files</Filter>
    </ClCompile>
    <ClCompile Include="Paths.cpp">
      <Filter>Source Files</Filter>
    </ClCompile>
    <ClCompile Include="Plot3DWidget.cpp">
      <Filter>Source Files</Filter>
    </ClCompile>
    <ClCompile Include="PlotCartesianWidget.cpp">
      <Filter>Source Files</Filter>
    </ClCompile>
    <ClCompile Include="PlotCartesianWindow.cpp">
      <Filter>Source Files</Filter>
    </ClCompile>
    <ClCompile Include="PlotPolarWidget.cpp">
      <Filter>Source Files</Filter>
    </ClCompile>
    <ClCompile Include="ptex\PtexCache.cpp">
      <Filter>Source Files</Filter>
    </ClCompile>
    <ClCompile Include="ptex\PtexHalf.cpp">
      <Filter>Source Files</Filter>
    </ClCompile>
    <ClCompile Include="ptex\PtexReader.cpp">
      <Filter>Source Files</Filter>
    </ClCompile>
    <ClCompile Include="ptex\PtexUtils.cpp">
      <Filter>Source Files</Filter>
    </ClCompile>
    <ClCompile Include="Quad.cpp">
      <Filter>Source Files</Filter>
    </ClCompile>
    <ClCompile Include="SharedContextGLWidget.cpp">
      <Filter>Source Files</Filter>
    </ClCompile>
    <ClCompile Include="ShowingDockWidget.cpp">
      <Filter>Source Files</Filter>
    </ClCompile>
    <ClCompile Include="SimpleModel.cpp">
      <Filter>Source Files</Filter>
    </ClCompile>
    <ClCompile Include="Sphere.cpp">
      <Filter>Source Files</Filter>
    </ClCompile>
    <ClCompile Include="ViewerWindow.cpp">
      <Filter>Source Files</Filter>
    </ClCompile>
    <ClCompile Include="glerror.cpp">
      <Filter>Source Files</Filter>
    </ClCompile>
    <ClCompile Include="main.cpp">
      <Filter>Source Files</Filter>
    </ClCompile>
  </ItemGroup>
  <ItemGroup>
    <ClInclude Include="BRDFAnalytic.h">
      <Filter>Header Files</Filter>
    </ClInclude>
    <ClInclude Include="BRDFBase.h">
      <Filter>Header Files</Filter>
    </ClInclude>
    <ClInclude Include="BRDFImageSlice.h">
      <Filter>Header Files</Filter>
    </ClInclude>
    <ClInclude Include="BRDFMeasuredAniso.h">
      <Filter>Header Files</Filter>
    </ClInclude>
    <ClInclude Include="BRDFMeasuredMERL.h">
      <Filter>Header Files</Filter>
    </ClInclude>
    <QtMoc Include="ColorVarWidget.h">
      <Filter>Header Files</Filter>
    </QtMoc>
    <ClInclude Include="DGLFrameBuffer.h">
      <Filter>Header Files</Filter>
    </ClInclude>
    <ClInclude Include="DGLShader.h">
      <Filter>Header Files</Filter>
    </ClInclude>
    <QtMoc Include="FloatVarWidget.h">
      <Filter>Header Files</Filter>
    </QtMoc>
    <QtMoc Include="IBLWidget.h">
      <Filter>Header Files</Filter>
    </QtMoc>
    <QtMoc Include="IBLWindow.h">
      <Filter>Header Files</Filter>
    </QtMoc>
    <QtMoc Include="ImageSliceWidget.h">
      <Filter>Header Files</Filter>
    </QtMoc>
    <QtMoc Include="ImageSliceWindow.h">
      <Filter>Header Files</Filter>
    </QtMoc>
    <QtMoc Include="LitSphereWidget.h">
      <Filter>Header Files</Filter>
    </QtMoc>
    <QtMoc Include="LitSphereWindow.h">
      <Filter>Header Files</Filter>
    </QtMoc>
    <QtMoc Include="MainWindow.h">
      <Filter>Header Files</Filter>
    </QtMoc>
    <QtMoc Include="ParameterGroupWidget.h">
      <Filter>Header Files</Filter>
    </QtMoc>
    <QtMoc Include="ParameterWindow.h">
      <Filter>Header Files</Filter>
    </QtMoc>
    <ClInclude Include="Paths.h">
      <Filter>Header Files</Filter>
    </ClInclude>
    <QtMoc Include="Plot3DWidget.h">
      <Filter>Header Files</Filter>
    </QtMoc>
    <QtMoc Include="PlotCartesianWidget.h">
      <Filter>Header Files</Filter>
    </QtMoc>
    <QtMoc Include="PlotCartesianWindow.h">
      <Filter>Header Files</Filter>
    </QtMoc>
    <QtMoc Include="PlotPolarWidget.h">
      <Filter>Header Files</Filter>
    </QtMoc>
    <ClInclude Include="Quad.h">
      <Filter>Header Files</Filter>
    </ClInclude>
    <ClInclude Include="SharedContextGLWidget.h">
      <Filter>Header Files</Filter>
    </ClInclude>
    <ClInclude Include="ShowingBase.h">
      <Filter>Header Files</Filter>
    </ClInclude>
    <QtMoc Include="ShowingDockWidget.h">
      <Filter>Header Files</Filter>
    </QtMoc>
    <ClInclude Include="SimpleModel.h">
      <Filter>Header Files</Filter>
    </ClInclude>
    <ClInclude Include="Sphere.h">
      <Filter>Header Files</Filter>
    </ClInclude>
    <QtMoc Include="ViewerWindow.h">
      <Filter>Header Files</Filter>
    </QtMoc>
    <ClInclude Include="bitmapContainer.h">
      <Filter>Header Files</Filter>
    </ClInclude>
    <ClInclude Include="geodesicHemisphere.h">
      <Filter>Header Files</Filter>
    </ClInclude>
    <ClInclude Include="glerror.h">
      <Filter>Header Files</Filter>
    </ClInclude>
    <ClInclude Include="trim.h">
      <Filter>Header Files</Filter>
    </ClInclude>
  </ItemGroup>
  <ItemGroup>
    <CustomBuild Include="debug\moc_predefs.h.cbt">
      <Filter>Generated Files</Filter>
    </CustomBuild>
    <CustomBuild Include="release\moc_predefs.h.cbt">
      <Filter>Generated Files</Filter>
    </CustomBuild>
  </ItemGroup>
</Project>